
Microsoft Visual Studio Solution File, Format Version 12.00
# Visual Studio Version 17
VisualStudioVersion = 17.4.33103.184
MinimumVisualStudioVersion = 10.0.40219.1
Project("{8BC9CEB8-8B4A-11D0-8D11-00A0C91BC942}") = "EasyVideoEditor", "EasyVideoEditor\EasyVideoEditor.vcxproj", "{AEB8FB5F-55DB-4477-9318-2FEB51A018AA}"
EndProject
Global
	GlobalSection(SolutionConfigurationPlatforms) = preSolution
		Debug|x64 = Debug|x64
		Release|x64 = Release|x64
	EndGlobalSection
	GlobalSection(ProjectConfigurationPlatforms) = postSolution
		{AEB8FB5F-55DB-4477-9318-2FEB51A018AA}.Debug|x64.ActiveCfg = Debug|x64
		{AEB8FB5F-55DB-4477-9318-2FEB51A018AA}.Debug|x64.Build.0 = Debug|x64
		{AEB8FB5F-55DB-4477-9318-2FEB51A018AA}.Release|x64.ActiveCfg = Release|x64
		{AEB8FB5F-55DB-4477-9318-2FEB51A018AA}.Release|x64.Build.0 = Release|x64
	EndGlobalSection
	GlobalSection(SolutionProperties) = preSolution
		HideSolutionNode = FALSE
	EndGlobalSection
	GlobalSection(ExtensibilityGlobals) = postSolution
		SolutionGuid = {73188AA3-D640-4D66-BB9C-D848F3100A03}
	EndGlobalSection
EndGlobal
