<?xml version="1.0" encoding="utf-8"?>
<Project ToolsVersion="4.0" xmlns="http://schemas.microsoft.com/developer/msbuild/2003">
  <ItemGroup>
    <Filter Include="Resource Files">
      <UniqueIdentifier>{67DA6AB6-F800-4c08-8B7A-83BB121AAD01}</UniqueIdentifier>
      <Extensions>qrc;rc;ico;cur;bmp;dlg;rc2;rct;bin;rgs;gif;jpg;jpeg;jpe;resx;tiff;tif;png;wav;mfcribbon-ms</Extensions>
    </Filter>
    <Filter Include="Form Files">
      <UniqueIdentifier>{99349809-55BA-4b9d-BF79-8FDBB0286EB3}</UniqueIdentifier>
      <Extensions>ui</Extensions>
    </Filter>
    <Filter Include="Translation Files">
      <UniqueIdentifier>{639EADAA-A684-42e4-A9AD-28FC9BCB8F7C}</UniqueIdentifier>
      <Extensions>ts</Extensions>
    </Filter>
    <Filter Include="Code">
      <UniqueIdentifier>{72e76180-0886-4ef2-a0e4-b870398da290}</UniqueIdentifier>
    </Filter>
    <Filter Include="Code\Model">
      <UniqueIdentifier>{a3b60978-b7cd-4aa4-abab-c862d26060cf}</UniqueIdentifier>
    </Filter>
    <Filter Include="Code\Header Files">
      <UniqueIdentifier>{93995380-89BD-4b04-88EB-625FBE52EBFB}</UniqueIdentifier>
      <Extensions>h;hh;hpp;hxx;hm;inl;inc;xsd</Extensions>
    </Filter>
    <Filter Include="Code\Widget">
      <UniqueIdentifier>{5873b7b9-ef09-4299-b9dc-231466ccad78}</UniqueIdentifier>
    </Filter>
    <Filter Include="Code\Model\Resource">
      <UniqueIdentifier>{a7c97f37-308e-4e5c-8a29-83806252160d}</UniqueIdentifier>
    </Filter>
    <Filter Include="Code\Model\Command">
      <UniqueIdentifier>{2dd0e29d-1f77-4bc0-bd16-dd896366c956}</UniqueIdentifier>
    </Filter>
    <Filter Include="Code\Base">
      <UniqueIdentifier>{37cd99bb-b203-48b7-bca7-219736925434}</UniqueIdentifier>
    </Filter>
    <Filter Include="Code\Base\Header Files">
      <UniqueIdentifier>{4833465b-3d9a-4025-849a-1d57c1af6718}</UniqueIdentifier>
    </Filter>
    <Filter Include="Code\Base\Source Files">
      <UniqueIdentifier>{4FC737F1-C7A5-4376-A066-2A32D752A2FF}</UniqueIdentifier>
      <Extensions>qml;cpp;c;cc;cxx;def;odl;idl;hpj;bat;asm;asmx</Extensions>
    </Filter>
  </ItemGroup>
  <ItemGroup>
    <QtRcc Include="EasyVideoEditor.qrc">
      <Filter>Resource Files</Filter>
    </QtRcc>
    <QtUic Include="EasyVideoEditor.ui">
      <Filter>Form Files</Filter>
    </QtUic>
  </ItemGroup>
  <ItemGroup>
    <ClCompile Include="Widgets.cpp">
      <Filter>Code\Widget</Filter>
    </ClCompile>
    <ClCompile Include="SideMenu.cpp">
      <Filter>Code\Widget</Filter>
    </ClCompile>
    <ClCompile Include="Resource.cpp">
      <Filter>Code\Model\Resource</Filter>
    </ClCompile>
    <ClCompile Include="Video.cpp">
      <Filter>Code\Model\Resource</Filter>
    </ClCompile>
    <ClCompile Include="Image.cpp">
      <Filter>Code\Model\Resource</Filter>
    </ClCompile>
    <ClCompile Include="Command.cpp">
      <Filter>Code\Model\Command</Filter>
    </ClCompile>
    <ClCompile Include="AddImage.cpp">
      <Filter>Code\Model\Command</Filter>
    </ClCompile>
    <ClCompile Include="AddSubtitle.cpp">
      <Filter>Code\Model\Command</Filter>
    </ClCompile>
    <ClCompile Include="Transition.cpp">
      <Filter>Code\Model\Command</Filter>
    </ClCompile>
    <ClCompile Include="ChangeBrightness.cpp">
      <Filter>Code\Model\Command</Filter>
    </ClCompile>
    <ClCompile Include="ChangeContrast.cpp">
      <Filter>Code\Model\Command</Filter>
    </ClCompile>
    <ClCompile Include="ChangePlaySpeed.cpp">
      <Filter>Code\Model\Command</Filter>
    </ClCompile>
    <ClCompile Include="Chromakey.cpp">
      <Filter>Code\Model\Command</Filter>
    </ClCompile>
    <ClCompile Include="ColorEmphasis.cpp">
      <Filter>Code\Model\Command</Filter>
    </ClCompile>
    <ClCompile Include="Filter.cpp">
      <Filter>Code\Model\Command</Filter>
    </ClCompile>
    <ClCompile Include="Frame.cpp">
      <Filter>Code\Model\Resource</Filter>
    </ClCompile>
    <ClCompile Include="EasyVideoEditor.cpp">
      <Filter>Code\Base\Source Files</Filter>
    </ClCompile>
    <ClCompile Include="EncodingVideo.cpp">
      <Filter>Code\Base\Source Files</Filter>
    </ClCompile>
    <ClCompile Include="EveProject.cpp">
      <Filter>Code\Base\Source Files</Filter>
    </ClCompile>
    <ClCompile Include="main.cpp">
      <Filter>Code\Base\Source Files</Filter>
    </ClCompile>
    <ClCompile Include="UsefulFunction.cpp">
      <Filter>Code\Base\Source Files</Filter>
    </ClCompile>
    <ClCompile Include="VideoProgressEventFilter.cpp">
      <Filter>Code\Base\Source Files</Filter>
    </ClCompile>
    <ClCompile Include="PlayVideo.cpp">
      <Filter>Code\Base\Source Files</Filter>
    </ClCompile>
  </ItemGroup>
  <ItemGroup>
    <ClInclude Include="Widgets.h">
      <Filter>Code\Widget</Filter>
    </ClInclude>
    <ClInclude Include="SideMenu.h">
      <Filter>Code\Widget</Filter>
    </ClInclude>
    <ClInclude Include="Resource.h">
      <Filter>Code\Model\Resource</Filter>
    </ClInclude>
    <ClInclude Include="Video.h">
      <Filter>Code\Model\Resource</Filter>
    </ClInclude>
    <ClInclude Include="Image.h">
      <Filter>Code\Model\Resource</Filter>
    </ClInclude>
    <ClInclude Include="Command.h">
      <Filter>Code\Model\Command</Filter>
    </ClInclude>
    <ClInclude Include="AddImage.h">
      <Filter>Code\Model\Command</Filter>
    </ClInclude>
    <ClInclude Include="AddSubtitle.h">
      <Filter>Code\Model\Command</Filter>
    </ClInclude>
    <ClInclude Include="Transition.h">
      <Filter>Code\Model\Command</Filter>
    </ClInclude>
    <ClInclude Include="ChangeBrightness.h">
      <Filter>Code\Model\Command</Filter>
    </ClInclude>
    <ClInclude Include="ChangeContrast.h">
      <Filter>Code\Model\Command</Filter>
    </ClInclude>
    <ClInclude Include="ChangePlaySpeed.h">
      <Filter>Code\Model\Command</Filter>
    </ClInclude>
    <ClInclude Include="Chromakey.h">
      <Filter>Code\Model\Command</Filter>
    </ClInclude>
    <ClInclude Include="ColorEmphasis.h">
      <Filter>Code\Model\Command</Filter>
    </ClInclude>
    <ClInclude Include="Filter.h">
      <Filter>Code\Model\Command</Filter>
    </ClInclude>
    <ClInclude Include="Frame.h">
      <Filter>Code\Model\Resource</Filter>
    </ClInclude>
    <ClInclude Include="EveProject.h">
      <Filter>Code\Base\Header Files</Filter>
    </ClInclude>
    <ClInclude Include="UsefulFunction.h">
      <Filter>Code\Base\Header Files</Filter>
    </ClInclude>
  </ItemGroup>
  <ItemGroup>
    <QtMoc Include="EasyVideoEditor.h">
      <Filter>Code\Base\Header Files</Filter>
    </QtMoc>
    <QtMoc Include="EncodingVideo.h">
      <Filter>Code\Base\Header Files</Filter>
    </QtMoc>
    <QtMoc Include="PlayVideo.h">
      <Filter>Code\Base\Header Files</Filter>
    </QtMoc>
    <QtMoc Include="VideoProgressEventFilter.h">
      <Filter>Code\Base\Header Files</Filter>
    </QtMoc>
  </ItemGroup>
</Project>